
Microsoft Visual Studio Solution File, Format Version 12.00
# Visual Studio 14
VisualStudioVersion = 14.0.25420.1
MinimumVisualStudioVersion = 10.0.40219.1
Project("{FAE04EC0-301F-11D3-BF4B-00C04F79EFBC}") = "Blog", "Blog\Blog.csproj", "{13BBAD8E-BFCE-4AEE-B01C-78E408FDC51E}"
EndProject
Project("{FAE04EC0-301F-11D3-BF4B-00C04F79EFBC}") = "Blog.Module.Paging", "Paging\Blog.Module.Paging.csproj", "{6CCA726B-FBEC-45F9-B5A0-DBCCD1E34DCB}"
EndProject
Project("{FAE04EC0-301F-11D3-BF4B-00C04F79EFBC}") = "Blog.UnitTests", "Blog.UnitTests\Blog.UnitTests.csproj", "{C397B60A-55BC-4650-8FB5-91840F7ADDD1}"
EndProject
Project("{FAE04EC0-301F-11D3-BF4B-00C04F79EFBC}") = "Blog.ControllerTests", "Blog.ControllerTests\Blog.ControllerTests.csproj", "{71F7D776-3B3C-4DF9-A6D8-105E6D5DA8A6}"
EndProject
Global
	GlobalSection(SolutionConfigurationPlatforms) = preSolution
		Debug|Any CPU = Debug|Any CPU
		Release|Any CPU = Release|Any CPU
	EndGlobalSection
	GlobalSection(ProjectConfigurationPlatforms) = postSolution
		{13BBAD8E-BFCE-4AEE-B01C-78E408FDC51E}.Debug|Any CPU.ActiveCfg = Debug|Any CPU
		{13BBAD8E-BFCE-4AEE-B01C-78E408FDC51E}.Debug|Any CPU.Build.0 = Debug|Any CPU
		{13BBAD8E-BFCE-4AEE-B01C-78E408FDC51E}.Release|Any CPU.ActiveCfg = Release|Any CPU
		{13BBAD8E-BFCE-4AEE-B01C-78E408FDC51E}.Release|Any CPU.Build.0 = Release|Any CPU
		{6CCA726B-FBEC-45F9-B5A0-DBCCD1E34DCB}.Debug|Any CPU.ActiveCfg = Debug|Any CPU
		{6CCA726B-FBEC-45F9-B5A0-DBCCD1E34DCB}.Debug|Any CPU.Build.0 = Debug|Any CPU
		{6CCA726B-FBEC-45F9-B5A0-DBCCD1E34DCB}.Release|Any CPU.ActiveCfg = Release|Any CPU
		{6CCA726B-FBEC-45F9-B5A0-DBCCD1E34DCB}.Release|Any CPU.Build.0 = Release|Any CPU
		{C397B60A-55BC-4650-8FB5-91840F7ADDD1}.Debug|Any CPU.ActiveCfg = Debug|Any CPU
		{C397B60A-55BC-4650-8FB5-91840F7ADDD1}.Debug|Any CPU.Build.0 = Debug|Any CPU
		{C397B60A-55BC-4650-8FB5-91840F7ADDD1}.Release|Any CPU.ActiveCfg = Release|Any CPU
		{C397B60A-55BC-4650-8FB5-91840F7ADDD1}.Release|Any CPU.Build.0 = Release|Any CPU
		{71F7D776-3B3C-4DF9-A6D8-105E6D5DA8A6}.Debug|Any CPU.ActiveCfg = Debug|Any CPU
		{71F7D776-3B3C-4DF9-A6D8-105E6D5DA8A6}.Debug|Any CPU.Build.0 = Debug|Any CPU
		{71F7D776-3B3C-4DF9-A6D8-105E6D5DA8A6}.Release|Any CPU.ActiveCfg = Release|Any CPU
		{71F7D776-3B3C-4DF9-A6D8-105E6D5DA8A6}.Release|Any CPU.Build.0 = Release|Any CPU
	EndGlobalSection
	GlobalSection(SolutionProperties) = preSolution
		HideSolutionNode = FALSE
	EndGlobalSection
EndGlobal
